schema: '2.0'
stages:
  preprocess:
    cmd: python scripts/dvc_preprocess.py
    deps:
    - path: data/raw
      hash: md5
      md5: d620f87f39ea99367b7790cd21a19516.dir
      size: 25909939
      nfiles: 4
    - path: params.yaml
      hash: md5
      md5: 43cc187294eda0204f00ac6cd2af4df5
      size: 730
    - path: scripts/dvc_preprocess.py
      hash: md5
      md5: eb72378f3dd2af67296a10acd7f48c8e
      size: 1981
    - path: src/data/movielens_pipeline.py
      hash: md5
      md5: d6e42a911251b5a8322e7ba1aa6be245
      size: 19456
    - path: src/pipeline_config.py
      hash: md5
      md5: 6f2677353c7f0c1643f85ba570368be7
      size: 454
    params:
      params.yaml:
        data.interim_dir: data/interim/movielens
        data.raw_dir: data/raw
        reports.preprocess_metrics: reports/metrics/preprocess_metrics.json
        seed: 42
    outs:
    - path: data/interim/movielens
      hash: md5
      md5: cc28516c402a01a08ab1e65c1abed0a6.dir
      size: 53015419
      nfiles: 6
    - path: reports/metrics/preprocess_metrics.json
      hash: md5
      md5: 8501af52ac5165f3003061be73829429
      size: 191
  feature_eng:
    cmd: python scripts/dvc_feature_eng.py
    deps:
    - path: data/interim/movielens
      hash: md5
      md5: cc28516c402a01a08ab1e65c1abed0a6.dir
      size: 53015419
      nfiles: 6
    - path: params.yaml
      hash: md5
      md5: 43cc187294eda0204f00ac6cd2af4df5
      size: 730
    - path: scripts/dvc_feature_eng.py
      hash: md5
      md5: 5b1a62c1ebe0b0ad8231425eb8fd9c93
      size: 2171
    - path: src/data/movielens_pipeline.py
      hash: md5
      md5: d6e42a911251b5a8322e7ba1aa6be245
      size: 19456
    - path: src/pipeline_config.py
      hash: md5
      md5: 6f2677353c7f0c1643f85ba570368be7
      size: 454
    params:
      params.yaml:
        data.interim_dir: data/interim/movielens
        data.processed_dir: data/processed/movielens
        reports.feature_eng_metrics: reports/metrics/feature_eng_metrics.json
        seed: 42
        split.test_k: 1
        split.validation_k: 1
    outs:
    - path: data/processed/movielens
      hash: md5
      md5: 8eb87b8fb85653485bce1b027b6dc7c3.dir
      size: 125481390
      nfiles: 7
    - path: reports/metrics/feature_eng_metrics.json
      hash: md5
      md5: 2b46c0bc7a502eea19c0e8ec8ab806f9
      size: 159
  train:
    cmd: python scripts/dvc_train.py
    deps:
    - path: data/processed/movielens
      hash: md5
      md5: 8eb87b8fb85653485bce1b027b6dc7c3.dir
      size: 125481390
      nfiles: 7
    - path: params.yaml
      hash: md5
      md5: 43cc187294eda0204f00ac6cd2af4df5
      size: 730
    - path: scripts/dvc_train.py
      hash: md5
      md5: 9a2217e3d01da650c2c5c2eb05b13254
      size: 3026
    - path: src/data/movielens_pipeline.py
      hash: md5
      md5: d6e42a911251b5a8322e7ba1aa6be245
      size: 19456
    - path: src/evaluation/recommender_evaluation.py
      hash: md5
      md5: 3e689778873a67633df5b9f1d2e1f74a
      size: 11193
    - path: src/models/baselines.py
      hash: md5
      md5: f7c34f980f1ef40146b92d733223d70e
      size: 9222
    - path: src/models/model_persistence.py
      hash: md5
      md5: 3038db78efa1ae0ade7cf76c306b9b13
      size: 1707
    - path: src/pipeline_config.py
      hash: md5
      md5: 6f2677353c7f0c1643f85ba570368be7
      size: 454
    params:
      params.yaml:
        data.model_dir: models/baselines
        data.processed_dir: data/processed/movielens
        reports.train_metrics: reports/metrics/train_metrics.json
        seed: 42
        train.baselines.item_knn_sklearn: true
        train.baselines.popularity: true
        train.item_knn.n_neighbors: 60
        train.use_validation_in_fit: true
    outs:
    - path: models/baselines
      hash: md5
      md5: d86b6e423cff950ca2c5ca0afdcba502.dir
      size: 9872600
      nfiles: 3
    - path: reports/metrics/train_metrics.json
      hash: md5
      md5: f899b2a34a55e3e4168461c02882e3ae
      size: 144
  evaluate:
    cmd: python scripts/dvc_evaluate.py
    deps:
    - path: data/processed/movielens
      hash: md5
      md5: 8eb87b8fb85653485bce1b027b6dc7c3.dir
      size: 125481390
      nfiles: 7
    - path: models/baselines
      hash: md5
      md5: d86b6e423cff950ca2c5ca0afdcba502.dir
      size: 9872600
      nfiles: 3
    - path: params.yaml
      hash: md5
      md5: 43cc187294eda0204f00ac6cd2af4df5
      size: 730
    - path: scripts/dvc_evaluate.py
      hash: md5
      md5: f9c645e3f8c9616b322bb6ef8e5ba203
      size: 3515
    - path: src/data/movielens_pipeline.py
      hash: md5
      md5: d6e42a911251b5a8322e7ba1aa6be245
      size: 19456
    - path: src/evaluation/recommender_evaluation.py
      hash: md5
      md5: 3e689778873a67633df5b9f1d2e1f74a
      size: 11193
    - path: src/models/baselines.py
      hash: md5
      md5: f7c34f980f1ef40146b92d733223d70e
      size: 9222
    - path: src/models/model_persistence.py
      hash: md5
      md5: 3038db78efa1ae0ade7cf76c306b9b13
      size: 1707
    - path: src/pipeline_config.py
      hash: md5
      md5: 6f2677353c7f0c1643f85ba570368be7
      size: 454
    params:
      params.yaml:
        data.evaluation_dir: reports/evaluation/movielens
        data.model_dir: models/baselines
        data.processed_dir: data/processed/movielens
        evaluate.k: 10
        reports.evaluation_metrics: reports/metrics/evaluation_metrics.json
        seed: 42
    outs:
    - path: reports/evaluation/movielens
      hash: md5
      md5: 88dc0a3a96914964cc3e6d73f2d7c231.dir
      size: 4425774
      nfiles: 3
    - path: reports/metrics/evaluation_metrics.json
      hash: md5
      md5: 07d3c821d993a46ae5e2c85afce888e6
      size: 1099
